
Microsoft Visual Studio Solution File, Format Version 12.00
# Visual Studio Version 16
VisualStudioVersion = 16.0.31624.102
MinimumVisualStudioVersion = 10.0.40219.1
Project("{FAE04EC0-301F-11D3-BF4B-00C04F79EFBC}") = "Payeer.Api", "Payeer.Api.csproj", "{33037657-F609-478F-B383-213BCD0B36F2}"
EndProject
Global
	GlobalSection(SolutionConfigurationPlatforms) = preSolution
		Debug|Any CPU = Debug|Any CPU
		Release|Any CPU = Release|Any CPU
	EndGlobalSection
	GlobalSection(ProjectConfigurationPlatforms) = postSolution
		{33037657-F609-478F-B383-213BCD0B36F2}.Debug|Any CPU.ActiveCfg = Debug|Any CPU
		{33037657-F609-478F-B383-213BCD0B36F2}.Debug|Any CPU.Build.0 = Debug|Any CPU
		{33037657-F609-478F-B383-213BCD0B36F2}.Release|Any CPU.ActiveCfg = Release|Any CPU
		{33037657-F609-478F-B383-213BCD0B36F2}.Release|Any CPU.Build.0 = Release|Any CPU
	EndGlobalSection
	GlobalSection(SolutionProperties) = preSolution
		HideSolutionNode = FALSE
	EndGlobalSection
	GlobalSection(ExtensibilityGlobals) = postSolution
		SolutionGuid = {C73D765A-03DE-4039-8686-3F6F824614A5}
	EndGlobalSection
EndGlobal
